
Microsoft Visual Studio Solution File, Format Version 12.00
# Visual Studio Version 17
VisualStudioVersion = 17.7.34031.279
MinimumVisualStudioVersion = 10.0.40219.1
Project("{FAE04EC0-301F-11D3-BF4B-00C04F79EFBC}") = "MethodsTaks", "MethodsTaks.csproj", "{3554A21E-AA81-4D4A-8AF0-A680093A9EFB}"
EndProject
Global
	GlobalSection(SolutionConfigurationPlatforms) = preSolution
		Debug|Any CPU = Debug|Any CPU
		Release|Any CPU = Release|Any CPU
	EndGlobalSection
	GlobalSection(ProjectConfigurationPlatforms) = postSolution
		{3554A21E-AA81-4D4A-8AF0-A680093A9EFB}.Debug|Any CPU.ActiveCfg = Debug|Any CPU
		{3554A21E-AA81-4D4A-8AF0-A680093A9EFB}.Debug|Any CPU.Build.0 = Debug|Any CPU
		{3554A21E-AA81-4D4A-8AF0-A680093A9EFB}.Release|Any CPU.ActiveCfg = Release|Any CPU
		{3554A21E-AA81-4D4A-8AF0-A680093A9EFB}.Release|Any CPU.Build.0 = Release|Any CPU
	EndGlobalSection
	GlobalSection(SolutionProperties) = preSolution
		HideSolutionNode = FALSE
	EndGlobalSection
	GlobalSection(ExtensibilityGlobals) = postSolution
		SolutionGuid = {FD6BB506-3FCD-46F9-B1DA-DACD59417726}
	EndGlobalSection
EndGlobal
